
Microsoft Visual Studio Solution File, Format Version 12.00
# Visual Studio Version 17
VisualStudioVersion = 17.3.32901.215
MinimumVisualStudioVersion = 10.0.40219.1
Project("{FAE04EC0-301F-11D3-BF4B-00C04F79EFBC}") = "HashTabel", "HashTabel\HashTabel.csproj", "{BD008609-333F-4F2C-8AFD-4B687D751352}"
EndProject
Global
	GlobalSection(SolutionConfigurationPlatforms) = preSolution
		Debug|Any CPU = Debug|Any CPU
		Release|Any CPU = Release|Any CPU
	EndGlobalSection
	GlobalSection(ProjectConfigurationPlatforms) = postSolution
		{BD008609-333F-4F2C-8AFD-4B687D751352}.Debug|Any CPU.ActiveCfg = Debug|Any CPU
		{BD008609-333F-4F2C-8AFD-4B687D751352}.Debug|Any CPU.Build.0 = Debug|Any CPU
		{BD008609-333F-4F2C-8AFD-4B687D751352}.Release|Any CPU.ActiveCfg = Release|Any CPU
		{BD008609-333F-4F2C-8AFD-4B687D751352}.Release|Any CPU.Build.0 = Release|Any CPU
	EndGlobalSection
	GlobalSection(SolutionProperties) = preSolution
		HideSolutionNode = FALSE
	EndGlobalSection
	GlobalSection(ExtensibilityGlobals) = postSolution
		SolutionGuid = {999E0621-B8B5-407B-93A9-CC3A1FAB7681}
	EndGlobalSection
EndGlobal
